// !$*UTF8*$!
{
	archiveVersion = 1;
	classes = {
	};
	objectVersion = 50;
	objects = {

/* Begin PBXBuildFile section */
		883A134224CC0E82001E40D9 /* AppDelegate.swift in Sources */ = {isa = PBXBuildFile; fileRef = 883A134124CC0E82001E40D9 /* AppDelegate.swift */; };
		883A134424CC0E82001E40D9 /* SceneDelegate.swift in Sources */ = {isa = PBXBuildFile; fileRef = 883A134324CC0E82001E40D9 /* SceneDelegate.swift */; };
		883A134624CC0E82001E40D9 /* ViewController.swift in Sources */ = {isa = PBXBuildFile; fileRef = 883A134524CC0E82001E40D9 /* ViewController.swift */; };
		883A134924CC0E82001E40D9 /* Main.storyboard in Resources */ = {isa = PBXBuildFile; fileRef = 883A134724CC0E82001E40D9 /* Main.storyboard */; };
		883A134B24CC0E82001E40D9 /* Assets.xcassets in Resources */ = {isa = PBXBuildFile; fileRef = 883A134A24CC0E82001E40D9 /* Assets.xcassets */; };
		883A134E24CC0E82001E40D9 /* LaunchScreen.storyboard in Resources */ = {isa = PBXBuildFile; fileRef = 883A134C24CC0E82001E40D9 /* LaunchScreen.storyboard */; };
		883A135724CC11C8001E40D9 /* WebKit.framework in Frameworks */ = {isa = PBXBuildFile; fileRef = 883A135624CC11C8001E40D9 /* WebKit.framework */; };
/* End PBXBuildFile section */

/* Begin PBXFileReference section */
		883A133E24CC0E82001E40D9 /* SampleWebView.app */ = {isa = PBXFileReference; explicitFileType = wrapper.application; includeInIndex = 0; path = SampleWebView.app; sourceTree = BUILT_PRODUCTS_DIR; };
		883A134124CC0E82001E40D9 /* AppDelegate.swift */ = {isa = PBXFileReference; lastKnownFileType = sourcecode.swift; path = AppDelegate.swift; sourceTree = "<group>"; };
		883A134324CC0E82001E40D9 /* SceneDelegate.swift */ = {isa = PBXFileReference; lastKnownFileType = sourcecode.swift; path = SceneDelegate.swift; sourceTree = "<group>"; };
		883A134524CC0E82001E40D9 /* ViewController.swift */ = {isa = PBXFileReference; lastKnownFileType = sourcecode.swift; path = ViewController.swift; sourceTree = "<group>"; };
		883A134824CC0E82001E40D9 /* Base */ = {isa = PBXFileReference; lastKnownFileType = file.storyboard; name = Base; path = Base.lproj/Main.storyboard; sourceTree = "<group>"; };
		883A134A24CC0E82001E40D9 /* Assets.xcassets */ = {isa = PBXFileReference; lastKnownFileType = folder.assetcatalog; path = Assets.xcassets; sourceTree = "<group>"; };
		883A134D24CC0E82001E40D9 /* Base */ = {isa = PBXFileReference; lastKnownFileType = file.storyboard; name = Base; path = Base.lproj/LaunchScreen.storyboard; sourceTree = "<group>"; };
		883A134F24CC0E82001E40D9 /* Info.plist */ = {isa = PBXFileReference; lastKnownFileType = text.plist.xml; path = Info.plist; sourceTree = "<group>"; };
		883A135624CC11C8001E40D9 /* WebKit.framework */ = {isa = PBXFileReference; lastKnownFileType = wrapper.framework; name = WebKit.framework; path = System/Library/Frameworks/WebKit.framework; sourceTree = SDKROOT; };
/* End PBXFileReference section */

/* Begin PBXFrameworksBuildPhase section */
		883A133B24CC0E82001E40D9 /* Frameworks */ = {
			isa = PBXFrameworksBuildPhase;
			buildActionMask = 2147483647;
			files = (
				883A135724CC11C8001E40D9 /* WebKit.framework in Frameworks */,
			);
			runOnlyForDeploymentPostprocessing = 0;
		};
/* End PBXFrameworksBuildPhase section */

/* Begin PBXGroup section */
		883A133524CC0E82001E40D9 = {
			isa = PBXGroup;
			children = (
				883A134024CC0E82001E40D9 /* SampleWebView */,
				883A133F24CC0E82001E40D9 /* Products */,
				883A135524CC11C8001E40D9 /* Frameworks */,
			);
			sourceTree = "<group>";
		};
		883A133F24CC0E82001E40D9 /* Products */ = {
			isa = PBXGroup;
			children = (
				883A133E24CC0E82001E40D9 /* SampleWebView.app */,
			);
			name = Products;
			sourceTree = "<group>";
		};
		883A134024CC0E82001E40D9 /* SampleWebView */ = {
			isa = PBXGroup;
			children = (
				883A134124CC0E82001E40D9 /* AppDelegate.swift */,
				883A134324CC0E82001E40D9 /* SceneDelegate.swift */,
				883A134524CC0E82001E40D9 /* ViewController.swift */,
				883A134724CC0E82001E40D9 /* Main.storyboard */,
				883A134A24CC0E82001E40D9 /* Assets.xcassets */,
				883A134C24CC0E82001E40D9 /* LaunchScreen.storyboard */,
				883A134F24CC0E82001E40D9 /* Info.plist */,
			);
			path = SampleWebView;
			sourceTree = "<group>";
		};
		883A135524CC11C8001E40D9 /* Frameworks */ = {
			isa = PBXGroup;
			children = (
				883A135624CC11C8001E40D9 /* WebKit.framework */,
			);
			name = Frameworks;
			sourceTree = "<group>";
		};
/* End PBXGroup section */

/* Begin PBXNativeTarget section */
		883A133D24CC0E82001E40D9 /* SampleWebView */ = {
			isa = PBXNativeTarget;
			buildConfigurationList = 883A135224CC0E82001E40D9 /* Build configuration list for PBXNativeTarget "SampleWebView" */;
			buildPhases = (
				883A133A24CC0E82001E40D9 /* Sources */,
				883A133B24CC0E82001E40D9 /* Frameworks */,
				883A133C24CC0E82001E40D9 /* Resources */,
			);
			buildRules = (
			);
			dependencies = (
			);
			name = SampleWebView;
			productName = SampleWebView;
			productReference = 883A133E24CC0E82001E40D9 /* SampleWebView.app */;
			productType = "com.apple.product-type.application";
		};
/* End PBXNativeTarget section */

/* Begin PBXProject section */
		883A133624CC0E82001E40D9 /* Project object */ = {
			isa = PBXProject;
			attributes = {
				LastSwiftUpdateCheck = 1160;
				LastUpgradeCheck = 1160;
				ORGANIZATIONNAME = Skydevilk;
				TargetAttributes = {
					883A133D24CC0E82001E40D9 = {
						CreatedOnToolsVersion = 11.6;
					};
				};
			};
			buildConfigurationList = 883A133924CC0E82001E40D9 /* Build configuration list for PBXProject "SampleWebView" */;
			compatibilityVersion = "Xcode 9.3";
			developmentRegion = en;
			hasScannedForEncodings = 0;
			knownRegions = (
				en,
				Base,
			);
			mainGroup = 883A133524CC0E82001E40D9;
			productRefGroup = 883A133F24CC0E82001E40D9 /* Products */;
			projectDirPath = "";
			projectRoot = "";
			targets = (
				883A133D24CC0E82001E40D9 /* SampleWebView */,
			);
		};
/* End PBXProject section */

/* Begin PBXResourcesBuildPhase section */
		883A133C24CC0E82001E40D9 /* Resources */ = {
			isa = PBXResourcesBuildPhase;
			buildActionMask = 2147483647;
			files = (
				883A134E24CC0E82001E40D9 /* LaunchScreen.storyboard in Resources */,
				883A134B24CC0E82001E40D9 /* Assets.xcassets in Resources */,
				883A134924CC0E82001E40D9 /* Main.storyboard in Resources */,
			);
			runOnlyForDeploymentPostprocessing = 0;
		};
/* End PBXResourcesBuildPhase section */

/* Begin PBXSourcesBuildPhase section */
		883A133A24CC0E82001E40D9 /* Sources */ = {
			isa = PBXSourcesBuildPhase;
			buildActionMask = 2147483647;
			files = (
				883A134624CC0E82001E40D9 /* ViewController.swift in Sources */,
				883A134224CC0E82001E40D9 /* AppDelegate.swift in Sources */,
				883A134424CC0E82001E40D9 /* SceneDelegate.swift in Sources */,
			);
			runOnlyForDeploymentPostprocessing = 0;
		};
/* End PBXSourcesBuildPhase section */

/* Begin PBXVariantGroup section */
		883A134724CC0E82001E40D9 /* Main.storyboard */ = {
			isa = PBXVariantGroup;
			children = (
				883A134824CC0E82001E40D9 /* Base */,
			);
			name = Main.storyboard;
			sourceTree = "<group>";
		};
		883A134C24CC0E82001E40D9 /* LaunchScreen.storyboard */ = {
			isa = PBXVariantGroup;
			children = (
				883A134D24CC0E82001E40D9 /* Base */,
			);
			name = LaunchScreen.storyboard;
			sourceTree = "<group>";
		};
/* End PBXVariantGroup section */

/* Begin XCBuildConfiguration section */
		883A135024CC0E82001E40D9 /* Debug */ = {
			isa = XCBuildConfiguration;
			buildSettings = {
				ALWAYS_SEARCH_USER_PATHS = NO;
				CLANG_ANALYZER_NONNULL = YES;
				CLANG_ANALYZER_NUMBER_OBJECT_CONVERSION = YES_AGGRESSIVE;
				CLANG_CXX_LANGUAGE_STANDARD = "gnu++14";
				CLANG_CXX_LIBRARY = "libc++";
				CLANG_ENABLE_MODULES = YES;
				CLANG_ENABLE_OBJC_ARC = YES;
				CLANG_ENABLE_OBJC_WEAK = YES;
				CLANG_WARN_BLOCK_CAPTURE_AUTORELEASING = YES;
				CLANG_WARN_BOOL_CONVERSION = YES;
				CLANG_WARN_COMMA = YES;
				CLANG_WARN_CONSTANT_CONVERSION = YES;
				CLANG_WARN_DEPRECATED_OBJC_IMPLEMENTATIONS = YES;
				CLANG_WARN_DIRECT_OBJC_ISA_USAGE = YES_ERROR;
				CLANG_WARN_DOCUMENTATION_COMMENTS = YES;
				CLANG_WARN_EMPTY_BODY = YES;
				CLANG_WARN_ENUM_CONVERSION = YES;
				CLANG_WARN_INFINITE_RECURSION = YES;
				CLANG_WARN_INT_CONVERSION = YES;
				CLANG_WARN_NON_LITERAL_NULL_CONVERSION = YES;
				CLANG_WARN_OBJC_IMPLICIT_RETAIN_SELF = YES;
				CLANG_WARN_OBJC_LITERAL_CONVERSION = YES;
				CLANG_WARN_OBJC_ROOT_CLASS = YES_ERROR;
				CLANG_WARN_RANGE_LOOP_ANALYSIS = YES;
				CLANG_WARN_STRICT_PROTOTYPES = YES;
				CLANG_WARN_SUSPICIOUS_MOVE = YES;
				CLANG_WARN_UNGUARDED_AVAILABILITY = YES_AGGRESSIVE;
				CLANG_WARN_UNREACHABLE_CODE = YES;
				CLANG_WARN__DUPLICATE_METHOD_MATCH = YES;
				COPY_PHASE_STRIP = NO;
				DEBUG_INFORMATION_FORMAT = dwarf;
				ENABLE_STRICT_OBJC_MSGSEND = YES;
				ENABLE_TESTABILITY = YES;
				GCC_C_LANGUAGE_STANDARD = gnu11;
				GCC_DYNAMIC_NO_PIC = NO;
				GCC_NO_COMMON_BLOCKS = YES;
				GCC_OPTIMIZATION_LEVEL = 0;
				GCC_PREPROCESSOR_DEFINITIONS = (
					"DEBUG=1",
					"$(inherited)",
				);
				GCC_WARN_64_TO_32_BIT_CONVERSION = YES;
				GCC_WARN_ABOUT_RETURN_TYPE = YES_ERROR;
				GCC_WARN_UNDECLARED_SELECTOR = YES;
				GCC_WARN_UNINITIALIZED_AUTOS = YES_AGGRESSIVE;
				GCC_WARN_UNUSED_FUNCTION = YES;
				GCC_WARN_UNUSED_VARIABLE = YES;
				IPHONEOS_DEPLOYMENT_TARGET = 13.6;
				MTL_ENABLE_DEBUG_INFO = INCLUDE_SOURCE;
				MTL_FAST_MATH = YES;
				ONLY_ACTIVE_ARCH = YES;
				SDKROOT = iphoneos;
				SWIFT_ACTIVE_COMPILATION_CONDITIONS = DEBUG;
				SWIFT_OPTIMIZATION_LEVEL = "-Onone";
			};
			name = Debug;
		};
		883A135124CC0E82001E40D9 /* Release */ = {
			isa = XCBuildConfiguration;
			buildSettings = {
				ALWAYS_SEARCH_USER_PATHS = NO;
				CLANG_ANALYZER_NONNULL = YES;
				CLANG_ANALYZER_NUMBER_OBJECT_CONVERSION = YES_AGGRESSIVE;
				CLANG_CXX_LANGUAGE_STANDARD = "gnu++14";
				CLANG_CXX_LIBRARY = "libc++";
				CLANG_ENABLE_MODULES = YES;
				CLANG_ENABLE_OBJC_ARC = YES;
				CLANG_ENABLE_OBJC_WEAK = YES;
				CLANG_WARN_BLOCK_CAPTURE_AUTORELEASING = YES;
				CLANG_WARN_BOOL_CONVERSION = YES;
				CLANG_WARN_COMMA = YES;
				CLANG_WARN_CONSTANT_CONVERSION = YES;
				CLANG_WARN_DEPRECATED_OBJC_IMPLEMENTATIONS = YES;
				CLANG_WARN_DIRECT_OBJC_ISA_USAGE = YES_ERROR;
				CLANG_WARN_DOCUMENTATION_COMMENTS = YES;
				CLANG_WARN_EMPTY_BODY = YES;
				CLANG_WARN_ENUM_CONVERSION = YES;
				CLANG_WARN_INFINITE_RECURSION = YES;
				CLANG_WARN_INT_CONVERSION = YES;
				CLANG_WARN_NON_LITERAL_NULL_CONVERSION = YES;
				CLANG_WARN_OBJC_IMPLICIT_RETAIN_SELF = YES;
				CLANG_WARN_OBJC_LITERAL_CONVERSION = YES;
				CLANG_WARN_OBJC_ROOT_CLASS = YES_ERROR;
				CLANG_WARN_RANGE_LOOP_ANALYSIS = YES;
				CLANG_WARN_STRICT_PROTOTYPES = YES;
				CLANG_WARN_SUSPICIOUS_MOVE = YES;
				CLANG_WARN_UNGUARDED_AVAILABILITY = YES_AGGRESSIVE;
				CLANG_WARN_UNREACHABLE_CODE = YES;
				CLANG_WARN__DUPLICATE_METHOD_MATCH = YES;
				COPY_PHASE_STRIP = NO;
				DEBUG_INFORMATION_FORMAT = "dwarf-with-dsym";
				ENABLE_NS_ASSERTIONS = NO;
				ENABLE_STRICT_OBJC_MSGSEND = YES;
				GCC_C_LANGUAGE_STANDARD = gnu11;
				GCC_NO_COMMON_BLOCKS = YES;
				GCC_WARN_64_TO_32_BIT_CONVERSION = YES;
				GCC_WARN_ABOUT_RETURN_TYPE = YES_ERROR;
				GCC_WARN_UNDECLARED_SELECTOR = YES;
				GCC_WARN_UNINITIALIZED_AUTOS = YES_AGGRESSIVE;
				GCC_WARN_UNUSED_FUNCTION = YES;
				GCC_WARN_UNUSED_VARIABLE = YES;
				IPHONEOS_DEPLOYMENT_TARGET = 13.6;
				MTL_ENABLE_DEBUG_INFO = NO;
				MTL_FAST_MATH = YES;
				SDKROOT = iphoneos;
				SWIFT_COMPILATION_MODE = wholemodule;
				SWIFT_OPTIMIZATION_LEVEL = "-O";
				VALIDATE_PRODUCT = YES;
			};
			name = Release;
		};
		883A135324CC0E82001E40D9 /* Debug */ = {
			isa = XCBuildConfiguration;
			buildSettings = {
				ASSETCATALOG_COMPILER_APPICON_NAME = AppIcon;
				CODE_SIGN_STYLE = Automatic;
				INFOPLIST_FILE = SampleWebView/Info.plist;
				LD_RUNPATH_SEARCH_PATHS = (
					"$(inherited)",
					"@executable_path/Frameworks",
				);
				PRODUCT_BUNDLE_IDENTIFIER = com.Skydevilk.SampleWebView;
				PRODUCT_NAME = "$(TARGET_NAME)";
				SWIFT_VERSION = 5.0;
				TARGETED_DEVICE_FAMILY = "1,2";
			};
			name = Debug;
		};
		883A135424CC0E82001E40D9 /* Release */ = {
			isa = XCBuildConfiguration;
			buildSettings = {
				ASSETCATALOG_COMPILER_APPICON_NAME = AppIcon;
				CODE_SIGN_STYLE = Automatic;
				INFOPLIST_FILE = SampleWebView/Info.plist;
				LD_RUNPATH_SEARCH_PATHS = (
					"$(inherited)",
					"@executable_path/Frameworks",
				);
				PRODUCT_BUNDLE_IDENTIFIER = com.Skydevilk.SampleWebView;
				PRODUCT_NAME = "$(TARGET_NAME)";
				SWIFT_VERSION = 5.0;
				TARGETED_DEVICE_FAMILY = "1,2";
			};
			name = Release;
		};
/* End XCBuildConfiguration section */

/* Begin XCConfigurationList section */
		883A133924CC0E82001E40D9 /* Build configuration list for PBXProject "SampleWebView" */ = {
			isa = XCConfigurationList;
			buildConfigurations = (
				883A135024CC0E82001E40D9 /* Debug */,
				883A135124CC0E82001E40D9 /* Release */,
			);
			defaultConfigurationIsVisible = 0;
			defaultConfigurationName = Release;
		};
		883A135224CC0E82001E40D9 /* Build configuration list for PBXNativeTarget "SampleWebView" */ = {
			isa = XCConfigurationList;
			buildConfigurations = (
				883A135324CC0E82001E40D9 /* Debug */,
				883A135424CC0E82001E40D9 /* Release */,
			);
			defaultConfigurationIsVisible = 0;
			defaultConfigurationName = Release;
		};
/* End XCConfigurationList section */
	};
	rootObject = 883A133624CC0E82001E40D9 /* Project object */;
}
